
Microsoft Visual Studio Solution File, Format Version 12.00
# Visual Studio 15
VisualStudioVersion = 15.0.28010.2016
MinimumVisualStudioVersion = 10.0.40219.1
Project("{FAE04EC0-301F-11D3-BF4B-00C04F79EFBC}") = "Duplicate_finder", "Duplicate_finder\Duplicate_finder.csproj", "{0F5E04FA-6CA5-4CBE-B781-525D2541A10A}"
EndProject
Global
	GlobalSection(SolutionConfigurationPlatforms) = preSolution
		Debug|Any CPU = Debug|Any CPU
		Release|Any CPU = Release|Any CPU
	EndGlobalSection
	GlobalSection(ProjectConfigurationPlatforms) = postSolution
		{0F5E04FA-6CA5-4CBE-B781-525D2541A10A}.Debug|Any CPU.ActiveCfg = Debug|Any CPU
		{0F5E04FA-6CA5-4CBE-B781-525D2541A10A}.Debug|Any CPU.Build.0 = Debug|Any CPU
		{0F5E04FA-6CA5-4CBE-B781-525D2541A10A}.Release|Any CPU.ActiveCfg = Release|Any CPU
		{0F5E04FA-6CA5-4CBE-B781-525D2541A10A}.Release|Any CPU.Build.0 = Release|Any CPU
	EndGlobalSection
	GlobalSection(SolutionProperties) = preSolution
		HideSolutionNode = FALSE
	EndGlobalSection
	GlobalSection(ExtensibilityGlobals) = postSolution
		SolutionGuid = {F86454C0-D13D-40AC-A96D-7B9F41F9E42F}
	EndGlobalSection
EndGlobal
